// !$*UTF8*$!
{
	archiveVersion = 1;
	classes = {
	};
	objectVersion = 56;
	objects = {

/* Begin PBXBuildFile section */
		C404E30E2A25EB7800790C6F /* AlarmApp.swift in Sources */ = {isa = PBXBuildFile; fileRef = C404E30D2A25EB7800790C6F /* AlarmApp.swift */; };
		C404E3102A25EB7800790C6F /* MainAlarmView.swift in Sources */ = {isa = PBXBuildFile; fileRef = C404E30F2A25EB7800790C6F /* MainAlarmView.swift */; };
		C404E3122A25EB7A00790C6F /* Assets.xcassets in Resources */ = {isa = PBXBuildFile; fileRef = C404E3112A25EB7A00790C6F /* Assets.xcassets */; };
		C404E3162A25EB7A00790C6F /* Preview Assets.xcassets in Resources */ = {isa = PBXBuildFile; fileRef = C404E3152A25EB7A00790C6F /* Preview Assets.xcassets */; };
		C404E3292A25F14000790C6F /* GrayedTextView.swift in Sources */ = {isa = PBXBuildFile; fileRef = C404E3282A25F14000790C6F /* GrayedTextView.swift */; };
		C404E32C2A25F65C00790C6F /* Localizable.strings in Resources */ = {isa = PBXBuildFile; fileRef = C404E32E2A25F65C00790C6F /* Localizable.strings */; };
		C404E3342A25F74100790C6F /* Screen Constants.swift in Sources */ = {isa = PBXBuildFile; fileRef = C404E3302A25F74100790C6F /* Screen Constants.swift */; };
		C404E3352A25F74100790C6F /* Color Constants.swift in Sources */ = {isa = PBXBuildFile; fileRef = C404E3312A25F74100790C6F /* Color Constants.swift */; };
		C404E3362A25F74100790C6F /* Image Constants.swift in Sources */ = {isa = PBXBuildFile; fileRef = C404E3322A25F74100790C6F /* Image Constants.swift */; };
		C404E3372A25F74100790C6F /* Activity Constants.swift in Sources */ = {isa = PBXBuildFile; fileRef = C404E3332A25F74100790C6F /* Activity Constants.swift */; };
		C404E3392A25F7DF00790C6F /* TimeOfDayIcon.swift in Sources */ = {isa = PBXBuildFile; fileRef = C404E3382A25F7DF00790C6F /* TimeOfDayIcon.swift */; };
		C404E33B2A25F83300790C6F /* TimeAndDateSupport.swift in Sources */ = {isa = PBXBuildFile; fileRef = C404E33A2A25F83300790C6F /* TimeAndDateSupport.swift */; };
/* End PBXBuildFile section */

/* Begin PBXFileReference section */
		C404E30A2A25EB7800790C6F /* Alarm.app */ = {isa = PBXFileReference; explicitFileType = wrapper.application; includeInIndex = 0; path = Alarm.app; sourceTree = BUILT_PRODUCTS_DIR; };
		C404E30D2A25EB7800790C6F /* AlarmApp.swift */ = {isa = PBXFileReference; lastKnownFileType = sourcecode.swift; path = AlarmApp.swift; sourceTree = "<group>"; };
		C404E30F2A25EB7800790C6F /* MainAlarmView.swift */ = {isa = PBXFileReference; lastKnownFileType = sourcecode.swift; path = MainAlarmView.swift; sourceTree = "<group>"; };
		C404E3112A25EB7A00790C6F /* Assets.xcassets */ = {isa = PBXFileReference; lastKnownFileType = folder.assetcatalog; path = Assets.xcassets; sourceTree = "<group>"; };
		C404E3132A25EB7A00790C6F /* Alarm.entitlements */ = {isa = PBXFileReference; lastKnownFileType = text.plist.entitlements; path = Alarm.entitlements; sourceTree = "<group>"; };
		C404E3152A25EB7A00790C6F /* Preview Assets.xcassets */ = {isa = PBXFileReference; lastKnownFileType = folder.assetcatalog; path = "Preview Assets.xcassets"; sourceTree = "<group>"; };
		C404E3282A25F14000790C6F /* GrayedTextView.swift */ = {isa = PBXFileReference; lastKnownFileType = sourcecode.swift; path = GrayedTextView.swift; sourceTree = "<group>"; };
		C404E32D2A25F65C00790C6F /* en */ = {isa = PBXFileReference; lastKnownFileType = text.plist.strings; name = en; path = en.lproj/Localizable.strings; sourceTree = "<group>"; };
		C404E32F2A25F65F00790C6F /* pl */ = {isa = PBXFileReference; lastKnownFileType = text.plist.strings; name = pl; path = pl.lproj/Localizable.strings; sourceTree = "<group>"; };
		C404E3302A25F74100790C6F /* Screen Constants.swift */ = {isa = PBXFileReference; fileEncoding = 4; lastKnownFileType = sourcecode.swift; path = "Screen Constants.swift"; sourceTree = "<group>"; };
		C404E3312A25F74100790C6F /* Color Constants.swift */ = {isa = PBXFileReference; fileEncoding = 4; lastKnownFileType = sourcecode.swift; path = "Color Constants.swift"; sourceTree = "<group>"; };
		C404E3322A25F74100790C6F /* Image Constants.swift */ = {isa = PBXFileReference; fileEncoding = 4; lastKnownFileType = sourcecode.swift; path = "Image Constants.swift"; sourceTree = "<group>"; };
		C404E3332A25F74100790C6F /* Activity Constants.swift */ = {isa = PBXFileReference; fileEncoding = 4; lastKnownFileType = sourcecode.swift; path = "Activity Constants.swift"; sourceTree = "<group>"; };
		C404E3382A25F7DF00790C6F /* TimeOfDayIcon.swift */ = {isa = PBXFileReference; lastKnownFileType = sourcecode.swift; path = TimeOfDayIcon.swift; sourceTree = "<group>"; };
		C404E33A2A25F83300790C6F /* TimeAndDateSupport.swift */ = {isa = PBXFileReference; lastKnownFileType = sourcecode.swift; path = TimeAndDateSupport.swift; sourceTree = "<group>"; };
/* End PBXFileReference section */

/* Begin PBXFrameworksBuildPhase section */
		C404E3072A25EB7800790C6F /* Frameworks */ = {
			isa = PBXFrameworksBuildPhase;
			buildActionMask = 2147483647;
			files = (
			);
			runOnlyForDeploymentPostprocessing = 0;
		};
/* End PBXFrameworksBuildPhase section */

/* Begin PBXGroup section */
		C404E3012A25EB7800790C6F = {
			isa = PBXGroup;
			children = (
				C404E30C2A25EB7800790C6F /* Alarm */,
				C404E30B2A25EB7800790C6F /* Products */,
			);
			sourceTree = "<group>";
		};
		C404E30B2A25EB7800790C6F /* Products */ = {
			isa = PBXGroup;
			children = (
				C404E30A2A25EB7800790C6F /* Alarm.app */,
			);
			name = Products;
			sourceTree = "<group>";
		};
		C404E30C2A25EB7800790C6F /* Alarm */ = {
			isa = PBXGroup;
			children = (
				C404E3232A25F0DE00790C6F /* Model */,
				C404E3222A25F0D500790C6F /* ViewModel */,
				C404E3212A25F0CF00790C6F /* Views */,
				C404E3202A25F0C800790C6F /* Constants */,
				C404E31F2A25F0C000790C6F /* Fonts */,
				C404E31E2A25F0B400790C6F /* Time and Date */,
				C404E31D2A25F0AB00790C6F /* Local Notifications */,
				C404E31C2A25F09F00790C6F /* Sounds */,
				C404E30D2A25EB7800790C6F /* AlarmApp.swift */,
				C404E30F2A25EB7800790C6F /* MainAlarmView.swift */,
				C404E3112A25EB7A00790C6F /* Assets.xcassets */,
				C404E3132A25EB7A00790C6F /* Alarm.entitlements */,
				C404E3142A25EB7A00790C6F /* Preview Content */,
				C404E32E2A25F65C00790C6F /* Localizable.strings */,
			);
			path = Alarm;
			sourceTree = "<group>";
		};
		C404E3142A25EB7A00790C6F /* Preview Content */ = {
			isa = PBXGroup;
			children = (
				C404E3152A25EB7A00790C6F /* Preview Assets.xcassets */,
			);
			path = "Preview Content";
			sourceTree = "<group>";
		};
		C404E31C2A25F09F00790C6F /* Sounds */ = {
			isa = PBXGroup;
			children = (
			);
			path = Sounds;
			sourceTree = "<group>";
		};
		C404E31D2A25F0AB00790C6F /* Local Notifications */ = {
			isa = PBXGroup;
			children = (
			);
			path = "Local Notifications";
			sourceTree = "<group>";
		};
		C404E31E2A25F0B400790C6F /* Time and Date */ = {
			isa = PBXGroup;
			children = (
				C404E33A2A25F83300790C6F /* TimeAndDateSupport.swift */,
			);
			path = "Time and Date";
			sourceTree = "<group>";
		};
		C404E31F2A25F0C000790C6F /* Fonts */ = {
			isa = PBXGroup;
			children = (
			);
			path = Fonts;
			sourceTree = "<group>";
		};
		C404E3202A25F0C800790C6F /* Constants */ = {
			isa = PBXGroup;
			children = (
				C404E3332A25F74100790C6F /* Activity Constants.swift */,
				C404E3312A25F74100790C6F /* Color Constants.swift */,
				C404E3322A25F74100790C6F /* Image Constants.swift */,
				C404E3302A25F74100790C6F /* Screen Constants.swift */,
			);
			path = Constants;
			sourceTree = "<group>";
		};
		C404E3212A25F0CF00790C6F /* Views */ = {
			isa = PBXGroup;
			children = (
				C404E3272A25F11300790C6F /* UnusedViews */,
				C404E3262A25F10200790C6F /* SupportingViews */,
				C404E3252A25F0F700790C6F /* SubViews */,
				C404E3242A25F0F000790C6F /* MainViews */,
			);
			path = Views;
			sourceTree = "<group>";
		};
		C404E3222A25F0D500790C6F /* ViewModel */ = {
			isa = PBXGroup;
			children = (
			);
			path = ViewModel;
			sourceTree = "<group>";
		};
		C404E3232A25F0DE00790C6F /* Model */ = {
			isa = PBXGroup;
			children = (
			);
			path = Model;
			sourceTree = "<group>";
		};
		C404E3242A25F0F000790C6F /* MainViews */ = {
			isa = PBXGroup;
			children = (
			);
			path = MainViews;
			sourceTree = "<group>";
		};
		C404E3252A25F0F700790C6F /* SubViews */ = {
			isa = PBXGroup;
			children = (
			);
			path = SubViews;
			sourceTree = "<group>";
		};
		C404E3262A25F10200790C6F /* SupportingViews */ = {
			isa = PBXGroup;
			children = (
				C404E3282A25F14000790C6F /* GrayedTextView.swift */,
				C404E3382A25F7DF00790C6F /* TimeOfDayIcon.swift */,
			);
			path = SupportingViews;
			sourceTree = "<group>";
		};
		C404E3272A25F11300790C6F /* UnusedViews */ = {
			isa = PBXGroup;
			children = (
			);
			path = UnusedViews;
			sourceTree = "<group>";
		};
/* End PBXGroup section */

/* Begin PBXNativeTarget section */
		C404E3092A25EB7800790C6F /* Alarm */ = {
			isa = PBXNativeTarget;
			buildConfigurationList = C404E3192A25EB7A00790C6F /* Build configuration list for PBXNativeTarget "Alarm" */;
			buildPhases = (
				C404E3062A25EB7800790C6F /* Sources */,
				C404E3072A25EB7800790C6F /* Frameworks */,
				C404E3082A25EB7800790C6F /* Resources */,
			);
			buildRules = (
			);
			dependencies = (
			);
			name = Alarm;
			productName = Alarm;
			productReference = C404E30A2A25EB7800790C6F /* Alarm.app */;
			productType = "com.apple.product-type.application";
		};
/* End PBXNativeTarget section */

/* Begin PBXProject section */
		C404E3022A25EB7800790C6F /* Project object */ = {
			isa = PBXProject;
			attributes = {
				BuildIndependentTargetsInParallel = 1;
				LastSwiftUpdateCheck = 1430;
				LastUpgradeCheck = 1430;
				TargetAttributes = {
					C404E3092A25EB7800790C6F = {
						CreatedOnToolsVersion = 14.3;
					};
				};
			};
			buildConfigurationList = C404E3052A25EB7800790C6F /* Build configuration list for PBXProject "Alarm" */;
			compatibilityVersion = "Xcode 14.0";
			developmentRegion = en;
			hasScannedForEncodings = 0;
			knownRegions = (
				en,
				Base,
				pl,
			);
			mainGroup = C404E3012A25EB7800790C6F;
			productRefGroup = C404E30B2A25EB7800790C6F /* Products */;
			projectDirPath = "";
			projectRoot = "";
			targets = (
				C404E3092A25EB7800790C6F /* Alarm */,
			);
		};
/* End PBXProject section */

/* Begin PBXResourcesBuildPhase section */
		C404E3082A25EB7800790C6F /* Resources */ = {
			isa = PBXResourcesBuildPhase;
			buildActionMask = 2147483647;
			files = (
				C404E3162A25EB7A00790C6F /* Preview Assets.xcassets in Resources */,
				C404E32C2A25F65C00790C6F /* Localizable.strings in Resources */,
				C404E3122A25EB7A00790C6F /* Assets.xcassets in Resources */,
			);
			runOnlyForDeploymentPostprocessing = 0;
		};
/* End PBXResourcesBuildPhase section */

/* Begin PBXSourcesBuildPhase section */
		C404E3062A25EB7800790C6F /* Sources */ = {
			isa = PBXSourcesBuildPhase;
			buildActionMask = 2147483647;
			files = (
				C404E3362A25F74100790C6F /* Image Constants.swift in Sources */,
				C404E3392A25F7DF00790C6F /* TimeOfDayIcon.swift in Sources */,
				C404E33B2A25F83300790C6F /* TimeAndDateSupport.swift in Sources */,
				C404E3352A25F74100790C6F /* Color Constants.swift in Sources */,
				C404E3102A25EB7800790C6F /* MainAlarmView.swift in Sources */,
				C404E30E2A25EB7800790C6F /* AlarmApp.swift in Sources */,
				C404E3372A25F74100790C6F /* Activity Constants.swift in Sources */,
				C404E3342A25F74100790C6F /* Screen Constants.swift in Sources */,
				C404E3292A25F14000790C6F /* GrayedTextView.swift in Sources */,
			);
			runOnlyForDeploymentPostprocessing = 0;
		};
/* End PBXSourcesBuildPhase section */

/* Begin PBXVariantGroup section */
		C404E32E2A25F65C00790C6F /* Localizable.strings */ = {
			isa = PBXVariantGroup;
			children = (
				C404E32D2A25F65C00790C6F /* en */,
				C404E32F2A25F65F00790C6F /* pl */,
			);
			name = Localizable.strings;
			sourceTree = "<group>";
		};
/* End PBXVariantGroup section */

/* Begin XCBuildConfiguration section */
		C404E3172A25EB7A00790C6F /* Debug */ = {
			isa = XCBuildConfiguration;
			buildSettings = {
				ALWAYS_SEARCH_USER_PATHS = NO;
				CLANG_ANALYZER_NONNULL = YES;
				CLANG_ANALYZER_NUMBER_OBJECT_CONVERSION = YES_AGGRESSIVE;
				CLANG_CXX_LANGUAGE_STANDARD = "gnu++20";
				CLANG_ENABLE_MODULES = YES;
				CLANG_ENABLE_OBJC_ARC = YES;
				CLANG_ENABLE_OBJC_WEAK = YES;
				CLANG_WARN_BLOCK_CAPTURE_AUTORELEASING = YES;
				CLANG_WARN_BOOL_CONVERSION = YES;
				CLANG_WARN_COMMA = YES;
				CLANG_WARN_CONSTANT_CONVERSION = YES;
				CLANG_WARN_DEPRECATED_OBJC_IMPLEMENTATIONS = YES;
				CLANG_WARN_DIRECT_OBJC_ISA_USAGE = YES_ERROR;
				CLANG_WARN_DOCUMENTATION_COMMENTS = YES;
				CLANG_WARN_EMPTY_BODY = YES;
				CLANG_WARN_ENUM_CONVERSION = YES;
				CLANG_WARN_INFINITE_RECURSION = YES;
				CLANG_WARN_INT_CONVERSION = YES;
				CLANG_WARN_NON_LITERAL_NULL_CONVERSION = YES;
				CLANG_WARN_OBJC_IMPLICIT_RETAIN_SELF = YES;
				CLANG_WARN_OBJC_LITERAL_CONVERSION = YES;
				CLANG_WARN_OBJC_ROOT_CLASS = YES_ERROR;
				CLANG_WARN_QUOTED_INCLUDE_IN_FRAMEWORK_HEADER = YES;
				CLANG_WARN_RANGE_LOOP_ANALYSIS = YES;
				CLANG_WARN_STRICT_PROTOTYPES = YES;
				CLANG_WARN_SUSPICIOUS_MOVE = YES;
				CLANG_WARN_UNGUARDED_AVAILABILITY = YES_AGGRESSIVE;
				CLANG_WARN_UNREACHABLE_CODE = YES;
				CLANG_WARN__DUPLICATE_METHOD_MATCH = YES;
				COPY_PHASE_STRIP = NO;
				DEBUG_INFORMATION_FORMAT = dwarf;
				ENABLE_STRICT_OBJC_MSGSEND = YES;
				ENABLE_TESTABILITY = YES;
				GCC_C_LANGUAGE_STANDARD = gnu11;
				GCC_DYNAMIC_NO_PIC = NO;
				GCC_NO_COMMON_BLOCKS = YES;
				GCC_OPTIMIZATION_LEVEL = 0;
				GCC_PREPROCESSOR_DEFINITIONS = (
					"DEBUG=1",
					"$(inherited)",
				);
				GCC_WARN_64_TO_32_BIT_CONVERSION = YES;
				GCC_WARN_ABOUT_RETURN_TYPE = YES_ERROR;
				GCC_WARN_UNDECLARED_SELECTOR = YES;
				GCC_WARN_UNINITIALIZED_AUTOS = YES_AGGRESSIVE;
				GCC_WARN_UNUSED_FUNCTION = YES;
				GCC_WARN_UNUSED_VARIABLE = YES;
				MTL_ENABLE_DEBUG_INFO = INCLUDE_SOURCE;
				MTL_FAST_MATH = YES;
				ONLY_ACTIVE_ARCH = YES;
				SWIFT_ACTIVE_COMPILATION_CONDITIONS = DEBUG;
				SWIFT_OPTIMIZATION_LEVEL = "-Onone";
			};
			name = Debug;
		};
		C404E3182A25EB7A00790C6F /* Release */ = {
			isa = XCBuildConfiguration;
			buildSettings = {
				ALWAYS_SEARCH_USER_PATHS = NO;
				CLANG_ANALYZER_NONNULL = YES;
				CLANG_ANALYZER_NUMBER_OBJECT_CONVERSION = YES_AGGRESSIVE;
				CLANG_CXX_LANGUAGE_STANDARD = "gnu++20";
				CLANG_ENABLE_MODULES = YES;
				CLANG_ENABLE_OBJC_ARC = YES;
				CLANG_ENABLE_OBJC_WEAK = YES;
				CLANG_WARN_BLOCK_CAPTURE_AUTORELEASING = YES;
				CLANG_WARN_BOOL_CONVERSION = YES;
				CLANG_WARN_COMMA = YES;
				CLANG_WARN_CONSTANT_CONVERSION = YES;
				CLANG_WARN_DEPRECATED_OBJC_IMPLEMENTATIONS = YES;
				CLANG_WARN_DIRECT_OBJC_ISA_USAGE = YES_ERROR;
				CLANG_WARN_DOCUMENTATION_COMMENTS = YES;
				CLANG_WARN_EMPTY_BODY = YES;
				CLANG_WARN_ENUM_CONVERSION = YES;
				CLANG_WARN_INFINITE_RECURSION = YES;
				CLANG_WARN_INT_CONVERSION = YES;
				CLANG_WARN_NON_LITERAL_NULL_CONVERSION = YES;
				CLANG_WARN_OBJC_IMPLICIT_RETAIN_SELF = YES;
				CLANG_WARN_OBJC_LITERAL_CONVERSION = YES;
				CLANG_WARN_OBJC_ROOT_CLASS = YES_ERROR;
				CLANG_WARN_QUOTED_INCLUDE_IN_FRAMEWORK_HEADER = YES;
				CLANG_WARN_RANGE_LOOP_ANALYSIS = YES;
				CLANG_WARN_STRICT_PROTOTYPES = YES;
				CLANG_WARN_SUSPICIOUS_MOVE = YES;
				CLANG_WARN_UNGUARDED_AVAILABILITY = YES_AGGRESSIVE;
				CLANG_WARN_UNREACHABLE_CODE = YES;
				CLANG_WARN__DUPLICATE_METHOD_MATCH = YES;
				COPY_PHASE_STRIP = NO;
				DEBUG_INFORMATION_FORMAT = "dwarf-with-dsym";
				ENABLE_NS_ASSERTIONS = NO;
				ENABLE_STRICT_OBJC_MSGSEND = YES;
				GCC_C_LANGUAGE_STANDARD = gnu11;
				GCC_NO_COMMON_BLOCKS = YES;
				GCC_WARN_64_TO_32_BIT_CONVERSION = YES;
				GCC_WARN_ABOUT_RETURN_TYPE = YES_ERROR;
				GCC_WARN_UNDECLARED_SELECTOR = YES;
				GCC_WARN_UNINITIALIZED_AUTOS = YES_AGGRESSIVE;
				GCC_WARN_UNUSED_FUNCTION = YES;
				GCC_WARN_UNUSED_VARIABLE = YES;
				MTL_ENABLE_DEBUG_INFO = NO;
				MTL_FAST_MATH = YES;
				SWIFT_COMPILATION_MODE = wholemodule;
				SWIFT_OPTIMIZATION_LEVEL = "-O";
			};
			name = Release;
		};
		C404E31A2A25EB7A00790C6F /* Debug */ = {
			isa = XCBuildConfiguration;
			buildSettings = {
				ASSETCATALOG_COMPILER_APPICON_NAME = AppIcon;
				ASSETCATALOG_COMPILER_GLOBAL_ACCENT_COLOR_NAME = AccentColor;
				CODE_SIGN_ENTITLEMENTS = Alarm/Alarm.entitlements;
				CODE_SIGN_STYLE = Automatic;
				CURRENT_PROJECT_VERSION = 1;
				DEVELOPMENT_ASSET_PATHS = "\"Alarm/Preview Content\"";
				DEVELOPMENT_TEAM = S78KWNLL6Y;
				ENABLE_HARDENED_RUNTIME = YES;
				ENABLE_PREVIEWS = YES;
				GENERATE_INFOPLIST_FILE = YES;
				"INFOPLIST_KEY_UIApplicationSceneManifest_Generation[sdk=iphoneos*]" = YES;
				"INFOPLIST_KEY_UIApplicationSceneManifest_Generation[sdk=iphonesimulator*]" = YES;
				"INFOPLIST_KEY_UIApplicationSupportsIndirectInputEvents[sdk=iphoneos*]" = YES;
				"INFOPLIST_KEY_UIApplicationSupportsIndirectInputEvents[sdk=iphonesimulator*]" = YES;
				"INFOPLIST_KEY_UILaunchScreen_Generation[sdk=iphoneos*]" = YES;
				"INFOPLIST_KEY_UILaunchScreen_Generation[sdk=iphonesimulator*]" = YES;
				"INFOPLIST_KEY_UIStatusBarStyle[sdk=iphoneos*]" = UIStatusBarStyleDefault;
				"INFOPLIST_KEY_UIStatusBarStyle[sdk=iphonesimulator*]" = UIStatusBarStyleDefault;
				INFOPLIST_KEY_UISupportedInterfaceOrientations_iPad = "UIInterfaceOrientationPortrait UIInterfaceOrientationPortraitUpsideDown UIInterfaceOrientationLandscapeLeft UIInterfaceOrientationLandscapeRight";
				INFOPLIST_KEY_UISupportedInterfaceOrientations_iPhone = "UIInterfaceOrientationPortrait UIInterfaceOrientationLandscapeLeft UIInterfaceOrientationLandscapeRight";
				IPHONEOS_DEPLOYMENT_TARGET = 16.4;
				LD_RUNPATH_SEARCH_PATHS = "@executable_path/Frameworks";
				"LD_RUNPATH_SEARCH_PATHS[sdk=macosx*]" = "@executable_path/../Frameworks";
				MACOSX_DEPLOYMENT_TARGET = 13.2;
				MARKETING_VERSION = 1.0;
				PRODUCT_BUNDLE_IDENTIFIER = lm.Alarm;
				PRODUCT_NAME = "$(TARGET_NAME)";
				SDKROOT = auto;
				SUPPORTED_PLATFORMS = "iphoneos iphonesimulator macosx";
				SWIFT_EMIT_LOC_STRINGS = YES;
				SWIFT_VERSION = 5.0;
				TARGETED_DEVICE_FAMILY = "1,2";
			};
			name = Debug;
		};
		C404E31B2A25EB7A00790C6F /* Release */ = {
			isa = XCBuildConfiguration;
			buildSettings = {
				ASSETCATALOG_COMPILER_APPICON_NAME = AppIcon;
				ASSETCATALOG_COMPILER_GLOBAL_ACCENT_COLOR_NAME = AccentColor;
				CODE_SIGN_ENTITLEMENTS = Alarm/Alarm.entitlements;
				CODE_SIGN_STYLE = Automatic;
				CURRENT_PROJECT_VERSION = 1;
				DEVELOPMENT_ASSET_PATHS = "\"Alarm/Preview Content\"";
				DEVELOPMENT_TEAM = S78KWNLL6Y;
				ENABLE_HARDENED_RUNTIME = YES;
				ENABLE_PREVIEWS = YES;
				GENERATE_INFOPLIST_FILE = YES;
				"INFOPLIST_KEY_UIApplicationSceneManifest_Generation[sdk=iphoneos*]" = YES;
				"INFOPLIST_KEY_UIApplicationSceneManifest_Generation[sdk=iphonesimulator*]" = YES;
				"INFOPLIST_KEY_UIApplicationSupportsIndirectInputEvents[sdk=iphoneos*]" = YES;
				"INFOPLIST_KEY_UIApplicationSupportsIndirectInputEvents[sdk=iphonesimulator*]" = YES;
				"INFOPLIST_KEY_UILaunchScreen_Generation[sdk=iphoneos*]" = YES;
				"INFOPLIST_KEY_UILaunchScreen_Generation[sdk=iphonesimulator*]" = YES;
				"INFOPLIST_KEY_UIStatusBarStyle[sdk=iphoneos*]" = UIStatusBarStyleDefault;
				"INFOPLIST_KEY_UIStatusBarStyle[sdk=iphonesimulator*]" = UIStatusBarStyleDefault;
				INFOPLIST_KEY_UISupportedInterfaceOrientations_iPad = "UIInterfaceOrientationPortrait UIInterfaceOrientationPortraitUpsideDown UIInterfaceOrientationLandscapeLeft UIInterfaceOrientationLandscapeRight";
				INFOPLIST_KEY_UISupportedInterfaceOrientations_iPhone = "UIInterfaceOrientationPortrait UIInterfaceOrientationLandscapeLeft UIInterfaceOrientationLandscapeRight";
				IPHONEOS_DEPLOYMENT_TARGET = 16.4;
				LD_RUNPATH_SEARCH_PATHS = "@executable_path/Frameworks";
				"LD_RUNPATH_SEARCH_PATHS[sdk=macosx*]" = "@executable_path/../Frameworks";
				MACOSX_DEPLOYMENT_TARGET = 13.2;
				MARKETING_VERSION = 1.0;
				PRODUCT_BUNDLE_IDENTIFIER = lm.Alarm;
				PRODUCT_NAME = "$(TARGET_NAME)";
				SDKROOT = auto;
				SUPPORTED_PLATFORMS = "iphoneos iphonesimulator macosx";
				SWIFT_EMIT_LOC_STRINGS = YES;
				SWIFT_VERSION = 5.0;
				TARGETED_DEVICE_FAMILY = "1,2";
			};
			name = Release;
		};
/* End XCBuildConfiguration section */

/* Begin XCConfigurationList section */
		C404E3052A25EB7800790C6F /* Build configuration list for PBXProject "Alarm" */ = {
			isa = XCConfigurationList;
			buildConfigurations = (
				C404E3172A25EB7A00790C6F /* Debug */,
				C404E3182A25EB7A00790C6F /* Release */,
			);
			defaultConfigurationIsVisible = 0;
			defaultConfigurationName = Release;
		};
		C404E3192A25EB7A00790C6F /* Build configuration list for PBXNativeTarget "Alarm" */ = {
			isa = XCConfigurationList;
			buildConfigurations = (
				C404E31A2A25EB7A00790C6F /* Debug */,
				C404E31B2A25EB7A00790C6F /* Release */,
			);
			defaultConfigurationIsVisible = 0;
			defaultConfigurationName = Release;
		};
/* End XCConfigurationList section */
	};
	rootObject = C404E3022A25EB7800790C6F /* Project object */;
}
