// !$*UTF8*$!
{
	archiveVersion = 1;
	classes = {
	};
	objectVersion = 56;
	objects = {

/* Begin PBXBuildFile section */
		C404E30E2A25EB7800790C6F /* AlarmApp.swift in Sources */ = {isa = PBXBuildFile; fileRef = C404E30D2A25EB7800790C6F /* AlarmApp.swift */; };
		C404E3102A25EB7800790C6F /* MainAlarmView.swift in Sources */ = {isa = PBXBuildFile; fileRef = C404E30F2A25EB7800790C6F /* MainAlarmView.swift */; };
		C404E3122A25EB7A00790C6F /* Assets.xcassets in Resources */ = {isa = PBXBuildFile; fileRef = C404E3112A25EB7A00790C6F /* Assets.xcassets */; };
		C404E3162A25EB7A00790C6F /* Preview Assets.xcassets in Resources */ = {isa = PBXBuildFile; fileRef = C404E3152A25EB7A00790C6F /* Preview Assets.xcassets */; };
		C404E3292A25F14000790C6F /* GrayedTextView.swift in Sources */ = {isa = PBXBuildFile; fileRef = C404E3282A25F14000790C6F /* GrayedTextView.swift */; };
		C404E32C2A25F65C00790C6F /* Localizable.strings in Resources */ = {isa = PBXBuildFile; fileRef = C404E32E2A25F65C00790C6F /* Localizable.strings */; };
		C404E3342A25F74100790C6F /* Screen Constants.swift in Sources */ = {isa = PBXBuildFile; fileRef = C404E3302A25F74100790C6F /* Screen Constants.swift */; };
		C404E3352A25F74100790C6F /* Color Constants.swift in Sources */ = {isa = PBXBuildFile; fileRef = C404E3312A25F74100790C6F /* Color Constants.swift */; };
		C404E3362A25F74100790C6F /* Image Constants.swift in Sources */ = {isa = PBXBuildFile; fileRef = C404E3322A25F74100790C6F /* Image Constants.swift */; };
		C404E3372A25F74100790C6F /* Activity Constants.swift in Sources */ = {isa = PBXBuildFile; fileRef = C404E3332A25F74100790C6F /* Activity Constants.swift */; };
		C404E3392A25F7DF00790C6F /* TimeOfDayIcon.swift in Sources */ = {isa = PBXBuildFile; fileRef = C404E3382A25F7DF00790C6F /* TimeOfDayIcon.swift */; };
		C404E33B2A25F83300790C6F /* TimeAndDateSupport.swift in Sources */ = {isa = PBXBuildFile; fileRef = C404E33A2A25F83300790C6F /* TimeAndDateSupport.swift */; };
		C43AC0DD2A3C9C77001070CD /* YouDidItView.swift in Sources */ = {isa = PBXBuildFile; fileRef = C43AC0DC2A3C9C77001070CD /* YouDidItView.swift */; };
		C43AC0DF2A3DCFCA001070CD /* ToBedWakeUpView.swift in Sources */ = {isa = PBXBuildFile; fileRef = C43AC0DE2A3DCFCA001070CD /* ToBedWakeUpView.swift */; };
		C43AC0E12A3EFD82001070CD /* CancelSaveAlarm.swift in Sources */ = {isa = PBXBuildFile; fileRef = C43AC0E02A3EFD82001070CD /* CancelSaveAlarm.swift */; };
		C43AC0E32A3EFFBA001070CD /* AlarmToggleView.swift in Sources */ = {isa = PBXBuildFile; fileRef = C43AC0E22A3EFFBA001070CD /* AlarmToggleView.swift */; };
		C43AC0E52A3F002A001070CD /* TheToggleView.swift in Sources */ = {isa = PBXBuildFile; fileRef = C43AC0E42A3F002A001070CD /* TheToggleView.swift */; };
		C43AC0E72A3F0892001070CD /* TimePicker.swift in Sources */ = {isa = PBXBuildFile; fileRef = C43AC0E62A3F0892001070CD /* TimePicker.swift */; };
		C43AC0E92A3F0B43001070CD /* SelectActivityView.swift in Sources */ = {isa = PBXBuildFile; fileRef = C43AC0E82A3F0B43001070CD /* SelectActivityView.swift */; };
		C43AC0EB2A3F231F001070CD /* ListOfTheAlarmsView.swift in Sources */ = {isa = PBXBuildFile; fileRef = C43AC0EA2A3F231F001070CD /* ListOfTheAlarmsView.swift */; };
		C43AC0ED2A3F6B44001070CD /* AlarmRowView.swift in Sources */ = {isa = PBXBuildFile; fileRef = C43AC0EC2A3F6B44001070CD /* AlarmRowView.swift */; };
		C43AC0EF2A3F6D3B001070CD /* AddEditCircularAlarmView.swift in Sources */ = {isa = PBXBuildFile; fileRef = C43AC0EE2A3F6D3B001070CD /* AddEditCircularAlarmView.swift */; };
		C43AC0F12A3F6E3B001070CD /* CircularTimeView.swift in Sources */ = {isa = PBXBuildFile; fileRef = C43AC0F02A3F6E3B001070CD /* CircularTimeView.swift */; };
		C43AC0F42A3F7209001070CD /* CentralDatePickerView.swift in Sources */ = {isa = PBXBuildFile; fileRef = C43AC0F32A3F7209001070CD /* CentralDatePickerView.swift */; };
		C43AC0F62A3F78EB001070CD /* TimeArcView.swift in Sources */ = {isa = PBXBuildFile; fileRef = C43AC0F52A3F78EB001070CD /* TimeArcView.swift */; };
		C43AC0F82A3F7CFC001070CD /* DisplayIconOnCircularTimeView.swift in Sources */ = {isa = PBXBuildFile; fileRef = C43AC0F72A3F7CFC001070CD /* DisplayIconOnCircularTimeView.swift */; };
		C43AC0FA2A3F9AAC001070CD /* MainAddEditAlarmView.swift in Sources */ = {isa = PBXBuildFile; fileRef = C43AC0F92A3F9AAC001070CD /* MainAddEditAlarmView.swift */; };
		C4443E802A2666E70054FFF2 /* EnableNotifications.swift in Sources */ = {isa = PBXBuildFile; fileRef = C4443E7F2A2666E70054FFF2 /* EnableNotifications.swift */; };
		C4443E822A2668310054FFF2 /* MainGradient.swift in Sources */ = {isa = PBXBuildFile; fileRef = C4443E812A2668310054FFF2 /* MainGradient.swift */; };
		C4443E842A2671770054FFF2 /* ButtonView.swift in Sources */ = {isa = PBXBuildFile; fileRef = C4443E832A2671770054FFF2 /* ButtonView.swift */; };
		C4443E862A2672D20054FFF2 /* AboutView.swift in Sources */ = {isa = PBXBuildFile; fileRef = C4443E852A2672D20054FFF2 /* AboutView.swift */; };
		C4443E882A270EDD0054FFF2 /* AddEditAlarmView.swift in Sources */ = {isa = PBXBuildFile; fileRef = C4443E872A270EDD0054FFF2 /* AddEditAlarmView.swift */; };
		C47462FE2A45C47F00DE9125 /* SelectActivityViewExpended.swift in Sources */ = {isa = PBXBuildFile; fileRef = C47462FD2A45C47F00DE9125 /* SelectActivityViewExpended.swift */; };
		C4BE59292A26174700D3C489 /* TimeModel.swift in Sources */ = {isa = PBXBuildFile; fileRef = C4BE59282A26174700D3C489 /* TimeModel.swift */; };
		C4BE592B2A261BFF00D3C489 /* AlarmModel.swift in Sources */ = {isa = PBXBuildFile; fileRef = C4BE592A2A261BFF00D3C489 /* AlarmModel.swift */; };
		C4BE59422A261FA300D3C489 /* forest with cuckoo birds.mp3 in Resources */ = {isa = PBXBuildFile; fileRef = C4BE592C2A261FA100D3C489 /* forest with cuckoo birds.mp3 */; };
		C4BE59432A261FA300D3C489 /* soft rain ambient.mp3 in Resources */ = {isa = PBXBuildFile; fileRef = C4BE592D2A261FA100D3C489 /* soft rain ambient.mp3 */; };
		C4BE59442A261FA300D3C489 /* tennessee_whiskey.mp3 in Resources */ = {isa = PBXBuildFile; fileRef = C4BE592E2A261FA100D3C489 /* tennessee_whiskey.mp3 */; };
		C4BE59452A261FA300D3C489 /* peanuts_ringtone.mp3 in Resources */ = {isa = PBXBuildFile; fileRef = C4BE592F2A261FA100D3C489 /* peanuts_ringtone.mp3 */; };
		C4BE59462A261FA300D3C489 /* owl hooting.mp3 in Resources */ = {isa = PBXBuildFile; fileRef = C4BE59302A261FA100D3C489 /* owl hooting.mp3 */; };
		C4BE59472A261FA300D3C489 /* bird forest.mp3 in Resources */ = {isa = PBXBuildFile; fileRef = C4BE59312A261FA100D3C489 /* bird forest.mp3 */; };
		C4BE59482A261FA300D3C489 /* bird voices.mp3 in Resources */ = {isa = PBXBuildFile; fileRef = C4BE59322A261FA100D3C489 /* bird voices.mp3 */; };
		C4BE59492A261FA300D3C489 /* forest birds sweden.mp3 in Resources */ = {isa = PBXBuildFile; fileRef = C4BE59332A261FA200D3C489 /* forest birds sweden.mp3 */; };
		C4BE594A2A261FA300D3C489 /* Sound Constants.swift in Sources */ = {isa = PBXBuildFile; fileRef = C4BE59342A261FA200D3C489 /* Sound Constants.swift */; };
		C4BE594B2A261FA300D3C489 /* Sound Wake up.aiff in Resources */ = {isa = PBXBuildFile; fileRef = C4BE59352A261FA200D3C489 /* Sound Wake up.aiff */; };
		C4BE594C2A261FA300D3C489 /* Play Sound.swift in Sources */ = {isa = PBXBuildFile; fileRef = C4BE59362A261FA200D3C489 /* Play Sound.swift */; };
		C4BE594D2A261FA300D3C489 /* screeching owl.mp3 in Resources */ = {isa = PBXBuildFile; fileRef = C4BE59372A261FA200D3C489 /* screeching owl.mp3 */; };
		C4BE594E2A261FA300D3C489 /* my_baby.mp3 in Resources */ = {isa = PBXBuildFile; fileRef = C4BE59382A261FA200D3C489 /* my_baby.mp3 */; };
		C4BE594F2A261FA300D3C489 /* waterfall.mp3 in Resources */ = {isa = PBXBuildFile; fileRef = C4BE59392A261FA200D3C489 /* waterfall.mp3 */; };
		C4BE59502A261FA300D3C489 /* the beat of nature.mp3 in Resources */ = {isa = PBXBuildFile; fileRef = C4BE593A2A261FA200D3C489 /* the beat of nature.mp3 */; };
		C4BE59512A261FA300D3C489 /* turkey_time.mp3 in Resources */ = {isa = PBXBuildFile; fileRef = C4BE593B2A261FA200D3C489 /* turkey_time.mp3 */; };
		C4BE59522A261FA300D3C489 /* welcome_to_my_house.mp3 in Resources */ = {isa = PBXBuildFile; fileRef = C4BE593C2A261FA300D3C489 /* welcome_to_my_house.mp3 */; };
		C4BE59532A261FA300D3C489 /* mr_grinch_ravens.mp3 in Resources */ = {isa = PBXBuildFile; fileRef = C4BE593D2A261FA300D3C489 /* mr_grinch_ravens.mp3 */; };
		C4BE59542A261FA300D3C489 /* christmas_bells.mp3 in Resources */ = {isa = PBXBuildFile; fileRef = C4BE593E2A261FA300D3C489 /* christmas_bells.mp3 */; };
		C4BE59552A261FA300D3C489 /* wasted_on_u.mp3 in Resources */ = {isa = PBXBuildFile; fileRef = C4BE593F2A261FA300D3C489 /* wasted_on_u.mp3 */; };
		C4BE59562A261FA300D3C489 /* Lagrima.aiff in Resources */ = {isa = PBXBuildFile; fileRef = C4BE59402A261FA300D3C489 /* Lagrima.aiff */; };
		C4BE59572A261FA300D3C489 /* night ambience.mp3 in Resources */ = {isa = PBXBuildFile; fileRef = C4BE59412A261FA300D3C489 /* night ambience.mp3 */; };
		C4BE59592A2623C000D3C489 /* SplashScreenView.swift in Sources */ = {isa = PBXBuildFile; fileRef = C4BE59582A2623C000D3C489 /* SplashScreenView.swift */; };
		C4BE595B2A2624FA00D3C489 /* FourCoolCircles.swift in Sources */ = {isa = PBXBuildFile; fileRef = C4BE595A2A2624FA00D3C489 /* FourCoolCircles.swift */; };
		C4BE595F2A26370F00D3C489 /* CoolTextView.swift in Sources */ = {isa = PBXBuildFile; fileRef = C4BE595E2A26370F00D3C489 /* CoolTextView.swift */; };
/* End PBXBuildFile section */

/* Begin PBXFileReference section */
		C404E30A2A25EB7800790C6F /* Alarm.app */ = {isa = PBXFileReference; explicitFileType = wrapper.application; includeInIndex = 0; path = Alarm.app; sourceTree = BUILT_PRODUCTS_DIR; };
		C404E30D2A25EB7800790C6F /* AlarmApp.swift */ = {isa = PBXFileReference; lastKnownFileType = sourcecode.swift; path = AlarmApp.swift; sourceTree = "<group>"; };
		C404E30F2A25EB7800790C6F /* MainAlarmView.swift */ = {isa = PBXFileReference; lastKnownFileType = sourcecode.swift; path = MainAlarmView.swift; sourceTree = "<group>"; };
		C404E3112A25EB7A00790C6F /* Assets.xcassets */ = {isa = PBXFileReference; lastKnownFileType = folder.assetcatalog; path = Assets.xcassets; sourceTree = "<group>"; };
		C404E3132A25EB7A00790C6F /* Alarm.entitlements */ = {isa = PBXFileReference; lastKnownFileType = text.plist.entitlements; path = Alarm.entitlements; sourceTree = "<group>"; };
		C404E3152A25EB7A00790C6F /* Preview Assets.xcassets */ = {isa = PBXFileReference; lastKnownFileType = folder.assetcatalog; path = "Preview Assets.xcassets"; sourceTree = "<group>"; };
		C404E3282A25F14000790C6F /* GrayedTextView.swift */ = {isa = PBXFileReference; lastKnownFileType = sourcecode.swift; path = GrayedTextView.swift; sourceTree = "<group>"; };
		C404E32D2A25F65C00790C6F /* en */ = {isa = PBXFileReference; lastKnownFileType = text.plist.strings; name = en; path = en.lproj/Localizable.strings; sourceTree = "<group>"; };
		C404E32F2A25F65F00790C6F /* pl */ = {isa = PBXFileReference; lastKnownFileType = text.plist.strings; name = pl; path = pl.lproj/Localizable.strings; sourceTree = "<group>"; };
		C404E3302A25F74100790C6F /* Screen Constants.swift */ = {isa = PBXFileReference; fileEncoding = 4; lastKnownFileType = sourcecode.swift; path = "Screen Constants.swift"; sourceTree = "<group>"; };
		C404E3312A25F74100790C6F /* Color Constants.swift */ = {isa = PBXFileReference; fileEncoding = 4; lastKnownFileType = sourcecode.swift; path = "Color Constants.swift"; sourceTree = "<group>"; };
		C404E3322A25F74100790C6F /* Image Constants.swift */ = {isa = PBXFileReference; fileEncoding = 4; lastKnownFileType = sourcecode.swift; path = "Image Constants.swift"; sourceTree = "<group>"; };
		C404E3332A25F74100790C6F /* Activity Constants.swift */ = {isa = PBXFileReference; fileEncoding = 4; lastKnownFileType = sourcecode.swift; path = "Activity Constants.swift"; sourceTree = "<group>"; };
		C404E3382A25F7DF00790C6F /* TimeOfDayIcon.swift */ = {isa = PBXFileReference; lastKnownFileType = sourcecode.swift; path = TimeOfDayIcon.swift; sourceTree = "<group>"; };
		C404E33A2A25F83300790C6F /* TimeAndDateSupport.swift */ = {isa = PBXFileReference; lastKnownFileType = sourcecode.swift; path = TimeAndDateSupport.swift; sourceTree = "<group>"; };
		C43AC0DC2A3C9C77001070CD /* YouDidItView.swift */ = {isa = PBXFileReference; lastKnownFileType = sourcecode.swift; path = YouDidItView.swift; sourceTree = "<group>"; };
		C43AC0DE2A3DCFCA001070CD /* ToBedWakeUpView.swift */ = {isa = PBXFileReference; lastKnownFileType = sourcecode.swift; path = ToBedWakeUpView.swift; sourceTree = "<group>"; };
		C43AC0E02A3EFD82001070CD /* CancelSaveAlarm.swift */ = {isa = PBXFileReference; lastKnownFileType = sourcecode.swift; path = CancelSaveAlarm.swift; sourceTree = "<group>"; };
		C43AC0E22A3EFFBA001070CD /* AlarmToggleView.swift */ = {isa = PBXFileReference; lastKnownFileType = sourcecode.swift; path = AlarmToggleView.swift; sourceTree = "<group>"; };
		C43AC0E42A3F002A001070CD /* TheToggleView.swift */ = {isa = PBXFileReference; lastKnownFileType = sourcecode.swift; path = TheToggleView.swift; sourceTree = "<group>"; };
		C43AC0E62A3F0892001070CD /* TimePicker.swift */ = {isa = PBXFileReference; lastKnownFileType = sourcecode.swift; path = TimePicker.swift; sourceTree = "<group>"; };
		C43AC0E82A3F0B43001070CD /* SelectActivityView.swift */ = {isa = PBXFileReference; lastKnownFileType = sourcecode.swift; path = SelectActivityView.swift; sourceTree = "<group>"; };
		C43AC0EA2A3F231F001070CD /* ListOfTheAlarmsView.swift */ = {isa = PBXFileReference; lastKnownFileType = sourcecode.swift; path = ListOfTheAlarmsView.swift; sourceTree = "<group>"; };
		C43AC0EC2A3F6B44001070CD /* AlarmRowView.swift */ = {isa = PBXFileReference; lastKnownFileType = sourcecode.swift; path = AlarmRowView.swift; sourceTree = "<group>"; };
		C43AC0EE2A3F6D3B001070CD /* AddEditCircularAlarmView.swift */ = {isa = PBXFileReference; lastKnownFileType = sourcecode.swift; path = AddEditCircularAlarmView.swift; sourceTree = "<group>"; };
		C43AC0F02A3F6E3B001070CD /* CircularTimeView.swift */ = {isa = PBXFileReference; lastKnownFileType = sourcecode.swift; path = CircularTimeView.swift; sourceTree = "<group>"; };
		C43AC0F32A3F7209001070CD /* CentralDatePickerView.swift */ = {isa = PBXFileReference; lastKnownFileType = sourcecode.swift; path = CentralDatePickerView.swift; sourceTree = "<group>"; };
		C43AC0F52A3F78EB001070CD /* TimeArcView.swift */ = {isa = PBXFileReference; lastKnownFileType = sourcecode.swift; path = TimeArcView.swift; sourceTree = "<group>"; };
		C43AC0F72A3F7CFC001070CD /* DisplayIconOnCircularTimeView.swift */ = {isa = PBXFileReference; lastKnownFileType = sourcecode.swift; path = DisplayIconOnCircularTimeView.swift; sourceTree = "<group>"; };
		C43AC0F92A3F9AAC001070CD /* MainAddEditAlarmView.swift */ = {isa = PBXFileReference; lastKnownFileType = sourcecode.swift; path = MainAddEditAlarmView.swift; sourceTree = "<group>"; };
		C4443E7F2A2666E70054FFF2 /* EnableNotifications.swift */ = {isa = PBXFileReference; lastKnownFileType = sourcecode.swift; path = EnableNotifications.swift; sourceTree = "<group>"; };
		C4443E812A2668310054FFF2 /* MainGradient.swift */ = {isa = PBXFileReference; lastKnownFileType = sourcecode.swift; path = MainGradient.swift; sourceTree = "<group>"; };
		C4443E832A2671770054FFF2 /* ButtonView.swift */ = {isa = PBXFileReference; lastKnownFileType = sourcecode.swift; path = ButtonView.swift; sourceTree = "<group>"; };
		C4443E852A2672D20054FFF2 /* AboutView.swift */ = {isa = PBXFileReference; lastKnownFileType = sourcecode.swift; path = AboutView.swift; sourceTree = "<group>"; };
		C4443E872A270EDD0054FFF2 /* AddEditAlarmView.swift */ = {isa = PBXFileReference; lastKnownFileType = sourcecode.swift; path = AddEditAlarmView.swift; sourceTree = "<group>"; };
		C47462FD2A45C47F00DE9125 /* SelectActivityViewExpended.swift */ = {isa = PBXFileReference; lastKnownFileType = sourcecode.swift; path = SelectActivityViewExpended.swift; sourceTree = "<group>"; };
		C4BE59282A26174700D3C489 /* TimeModel.swift */ = {isa = PBXFileReference; lastKnownFileType = sourcecode.swift; path = TimeModel.swift; sourceTree = "<group>"; };
		C4BE592A2A261BFF00D3C489 /* AlarmModel.swift */ = {isa = PBXFileReference; lastKnownFileType = sourcecode.swift; path = AlarmModel.swift; sourceTree = "<group>"; };
		C4BE592C2A261FA100D3C489 /* forest with cuckoo birds.mp3 */ = {isa = PBXFileReference; lastKnownFileType = audio.mp3; path = "forest with cuckoo birds.mp3"; sourceTree = "<group>"; };
		C4BE592D2A261FA100D3C489 /* soft rain ambient.mp3 */ = {isa = PBXFileReference; lastKnownFileType = audio.mp3; path = "soft rain ambient.mp3"; sourceTree = "<group>"; };
		C4BE592E2A261FA100D3C489 /* tennessee_whiskey.mp3 */ = {isa = PBXFileReference; lastKnownFileType = audio.mp3; path = tennessee_whiskey.mp3; sourceTree = "<group>"; };
		C4BE592F2A261FA100D3C489 /* peanuts_ringtone.mp3 */ = {isa = PBXFileReference; lastKnownFileType = audio.mp3; path = peanuts_ringtone.mp3; sourceTree = "<group>"; };
		C4BE59302A261FA100D3C489 /* owl hooting.mp3 */ = {isa = PBXFileReference; lastKnownFileType = audio.mp3; path = "owl hooting.mp3"; sourceTree = "<group>"; };
		C4BE59312A261FA100D3C489 /* bird forest.mp3 */ = {isa = PBXFileReference; lastKnownFileType = audio.mp3; path = "bird forest.mp3"; sourceTree = "<group>"; };
		C4BE59322A261FA100D3C489 /* bird voices.mp3 */ = {isa = PBXFileReference; lastKnownFileType = audio.mp3; path = "bird voices.mp3"; sourceTree = "<group>"; };
		C4BE59332A261FA200D3C489 /* forest birds sweden.mp3 */ = {isa = PBXFileReference; lastKnownFileType = audio.mp3; path = "forest birds sweden.mp3"; sourceTree = "<group>"; };
		C4BE59342A261FA200D3C489 /* Sound Constants.swift */ = {isa = PBXFileReference; fileEncoding = 4; lastKnownFileType = sourcecode.swift; path = "Sound Constants.swift"; sourceTree = "<group>"; };
		C4BE59352A261FA200D3C489 /* Sound Wake up.aiff */ = {isa = PBXFileReference; lastKnownFileType = audio.aiff; path = "Sound Wake up.aiff"; sourceTree = "<group>"; };
		C4BE59362A261FA200D3C489 /* Play Sound.swift */ = {isa = PBXFileReference; fileEncoding = 4; lastKnownFileType = sourcecode.swift; path = "Play Sound.swift"; sourceTree = "<group>"; };
		C4BE59372A261FA200D3C489 /* screeching owl.mp3 */ = {isa = PBXFileReference; lastKnownFileType = audio.mp3; path = "screeching owl.mp3"; sourceTree = "<group>"; };
		C4BE59382A261FA200D3C489 /* my_baby.mp3 */ = {isa = PBXFileReference; lastKnownFileType = audio.mp3; path = my_baby.mp3; sourceTree = "<group>"; };
		C4BE59392A261FA200D3C489 /* waterfall.mp3 */ = {isa = PBXFileReference; lastKnownFileType = audio.mp3; path = waterfall.mp3; sourceTree = "<group>"; };
		C4BE593A2A261FA200D3C489 /* the beat of nature.mp3 */ = {isa = PBXFileReference; lastKnownFileType = audio.mp3; path = "the beat of nature.mp3"; sourceTree = "<group>"; };
		C4BE593B2A261FA200D3C489 /* turkey_time.mp3 */ = {isa = PBXFileReference; lastKnownFileType = audio.mp3; path = turkey_time.mp3; sourceTree = "<group>"; };
		C4BE593C2A261FA300D3C489 /* welcome_to_my_house.mp3 */ = {isa = PBXFileReference; lastKnownFileType = audio.mp3; path = welcome_to_my_house.mp3; sourceTree = "<group>"; };
		C4BE593D2A261FA300D3C489 /* mr_grinch_ravens.mp3 */ = {isa = PBXFileReference; lastKnownFileType = audio.mp3; path = mr_grinch_ravens.mp3; sourceTree = "<group>"; };
		C4BE593E2A261FA300D3C489 /* christmas_bells.mp3 */ = {isa = PBXFileReference; lastKnownFileType = audio.mp3; path = christmas_bells.mp3; sourceTree = "<group>"; };
		C4BE593F2A261FA300D3C489 /* wasted_on_u.mp3 */ = {isa = PBXFileReference; lastKnownFileType = audio.mp3; path = wasted_on_u.mp3; sourceTree = "<group>"; };
		C4BE59402A261FA300D3C489 /* Lagrima.aiff */ = {isa = PBXFileReference; lastKnownFileType = audio.aiff; path = Lagrima.aiff; sourceTree = "<group>"; };
		C4BE59412A261FA300D3C489 /* night ambience.mp3 */ = {isa = PBXFileReference; lastKnownFileType = audio.mp3; path = "night ambience.mp3"; sourceTree = "<group>"; };
		C4BE59582A2623C000D3C489 /* SplashScreenView.swift */ = {isa = PBXFileReference; lastKnownFileType = sourcecode.swift; path = SplashScreenView.swift; sourceTree = "<group>"; };
		C4BE595A2A2624FA00D3C489 /* FourCoolCircles.swift */ = {isa = PBXFileReference; lastKnownFileType = sourcecode.swift; path = FourCoolCircles.swift; sourceTree = "<group>"; };
		C4BE595C2A2636F200D3C489 /* WorkSans-Italic-VariableFont_wght.ttf */ = {isa = PBXFileReference; lastKnownFileType = file; path = "WorkSans-Italic-VariableFont_wght.ttf"; sourceTree = "<group>"; };
		C4BE595D2A2636F200D3C489 /* WorkSans-VariableFont_wght.ttf */ = {isa = PBXFileReference; lastKnownFileType = file; path = "WorkSans-VariableFont_wght.ttf"; sourceTree = "<group>"; };
		C4BE595E2A26370F00D3C489 /* CoolTextView.swift */ = {isa = PBXFileReference; lastKnownFileType = sourcecode.swift; path = CoolTextView.swift; sourceTree = "<group>"; };
/* End PBXFileReference section */

/* Begin PBXFrameworksBuildPhase section */
		C404E3072A25EB7800790C6F /* Frameworks */ = {
			isa = PBXFrameworksBuildPhase;
			buildActionMask = 2147483647;
			files = (
			);
			runOnlyForDeploymentPostprocessing = 0;
		};
/* End PBXFrameworksBuildPhase section */

/* Begin PBXGroup section */
		C404E3012A25EB7800790C6F = {
			isa = PBXGroup;
			children = (
				C404E30C2A25EB7800790C6F /* Alarm */,
				C404E30B2A25EB7800790C6F /* Products */,
			);
			sourceTree = "<group>";
		};
		C404E30B2A25EB7800790C6F /* Products */ = {
			isa = PBXGroup;
			children = (
				C404E30A2A25EB7800790C6F /* Alarm.app */,
			);
			name = Products;
			sourceTree = "<group>";
		};
		C404E30C2A25EB7800790C6F /* Alarm */ = {
			isa = PBXGroup;
			children = (
				C404E3232A25F0DE00790C6F /* Model */,
				C404E3222A25F0D500790C6F /* ViewModel */,
				C404E3212A25F0CF00790C6F /* Views */,
				C404E3202A25F0C800790C6F /* Constants */,
				C404E31F2A25F0C000790C6F /* Fonts */,
				C404E31E2A25F0B400790C6F /* Time and Date */,
				C404E31D2A25F0AB00790C6F /* Local Notifications */,
				C404E31C2A25F09F00790C6F /* Sounds */,
				C404E30D2A25EB7800790C6F /* AlarmApp.swift */,
				C404E3112A25EB7A00790C6F /* Assets.xcassets */,
				C404E3132A25EB7A00790C6F /* Alarm.entitlements */,
				C404E3142A25EB7A00790C6F /* Preview Content */,
				C404E32E2A25F65C00790C6F /* Localizable.strings */,
			);
			path = Alarm;
			sourceTree = "<group>";
		};
		C404E3142A25EB7A00790C6F /* Preview Content */ = {
			isa = PBXGroup;
			children = (
				C404E3152A25EB7A00790C6F /* Preview Assets.xcassets */,
			);
			path = "Preview Content";
			sourceTree = "<group>";
		};
		C404E31C2A25F09F00790C6F /* Sounds */ = {
			isa = PBXGroup;
			children = (
				C4BE59312A261FA100D3C489 /* bird forest.mp3 */,
				C4BE59322A261FA100D3C489 /* bird voices.mp3 */,
				C4BE593E2A261FA300D3C489 /* christmas_bells.mp3 */,
				C4BE59332A261FA200D3C489 /* forest birds sweden.mp3 */,
				C4BE592C2A261FA100D3C489 /* forest with cuckoo birds.mp3 */,
				C4BE59402A261FA300D3C489 /* Lagrima.aiff */,
				C4BE593D2A261FA300D3C489 /* mr_grinch_ravens.mp3 */,
				C4BE59382A261FA200D3C489 /* my_baby.mp3 */,
				C4BE59412A261FA300D3C489 /* night ambience.mp3 */,
				C4BE59302A261FA100D3C489 /* owl hooting.mp3 */,
				C4BE592F2A261FA100D3C489 /* peanuts_ringtone.mp3 */,
				C4BE59362A261FA200D3C489 /* Play Sound.swift */,
				C4BE59372A261FA200D3C489 /* screeching owl.mp3 */,
				C4BE592D2A261FA100D3C489 /* soft rain ambient.mp3 */,
				C4BE59342A261FA200D3C489 /* Sound Constants.swift */,
				C4BE59352A261FA200D3C489 /* Sound Wake up.aiff */,
				C4BE592E2A261FA100D3C489 /* tennessee_whiskey.mp3 */,
				C4BE593A2A261FA200D3C489 /* the beat of nature.mp3 */,
				C4BE593B2A261FA200D3C489 /* turkey_time.mp3 */,
				C4BE593F2A261FA300D3C489 /* wasted_on_u.mp3 */,
				C4BE59392A261FA200D3C489 /* waterfall.mp3 */,
				C4BE593C2A261FA300D3C489 /* welcome_to_my_house.mp3 */,
			);
			path = Sounds;
			sourceTree = "<group>";
		};
		C404E31D2A25F0AB00790C6F /* Local Notifications */ = {
			isa = PBXGroup;
			children = (
			);
			path = "Local Notifications";
			sourceTree = "<group>";
		};
		C404E31E2A25F0B400790C6F /* Time and Date */ = {
			isa = PBXGroup;
			children = (
				C404E33A2A25F83300790C6F /* TimeAndDateSupport.swift */,
			);
			path = "Time and Date";
			sourceTree = "<group>";
		};
		C404E31F2A25F0C000790C6F /* Fonts */ = {
			isa = PBXGroup;
			children = (
				C4BE595C2A2636F200D3C489 /* WorkSans-Italic-VariableFont_wght.ttf */,
				C4BE595D2A2636F200D3C489 /* WorkSans-VariableFont_wght.ttf */,
			);
			path = Fonts;
			sourceTree = "<group>";
		};
		C404E3202A25F0C800790C6F /* Constants */ = {
			isa = PBXGroup;
			children = (
				C404E3332A25F74100790C6F /* Activity Constants.swift */,
				C404E3312A25F74100790C6F /* Color Constants.swift */,
				C404E3322A25F74100790C6F /* Image Constants.swift */,
				C404E3302A25F74100790C6F /* Screen Constants.swift */,
			);
			path = Constants;
			sourceTree = "<group>";
		};
		C404E3212A25F0CF00790C6F /* Views */ = {
			isa = PBXGroup;
			children = (
				C404E3272A25F11300790C6F /* UnusedViews */,
				C404E3262A25F10200790C6F /* SupportingViews */,
				C404E3252A25F0F700790C6F /* SubViews */,
				C404E3242A25F0F000790C6F /* MainViews */,
			);
			path = Views;
			sourceTree = "<group>";
		};
		C404E3222A25F0D500790C6F /* ViewModel */ = {
			isa = PBXGroup;
			children = (
			);
			path = ViewModel;
			sourceTree = "<group>";
		};
		C404E3232A25F0DE00790C6F /* Model */ = {
			isa = PBXGroup;
			children = (
				C4BE59282A26174700D3C489 /* TimeModel.swift */,
				C4BE592A2A261BFF00D3C489 /* AlarmModel.swift */,
			);
			path = Model;
			sourceTree = "<group>";
		};
		C404E3242A25F0F000790C6F /* MainViews */ = {
			isa = PBXGroup;
			children = (
				C404E30F2A25EB7800790C6F /* MainAlarmView.swift */,
				C4BE59582A2623C000D3C489 /* SplashScreenView.swift */,
				C43AC0EA2A3F231F001070CD /* ListOfTheAlarmsView.swift */,
				C43AC0EE2A3F6D3B001070CD /* AddEditCircularAlarmView.swift */,
				C43AC0F92A3F9AAC001070CD /* MainAddEditAlarmView.swift */,
				C4443E872A270EDD0054FFF2 /* AddEditAlarmView.swift */,
				C4443E852A2672D20054FFF2 /* AboutView.swift */,
			);
			path = MainViews;
			sourceTree = "<group>";
		};
		C404E3252A25F0F700790C6F /* SubViews */ = {
			isa = PBXGroup;
			children = (
				C43AC0DE2A3DCFCA001070CD /* ToBedWakeUpView.swift */,
				C43AC0DC2A3C9C77001070CD /* YouDidItView.swift */,
				C4443E7F2A2666E70054FFF2 /* EnableNotifications.swift */,
			);
			path = SubViews;
			sourceTree = "<group>";
		};
		C404E3262A25F10200790C6F /* SupportingViews */ = {
			isa = PBXGroup;
			children = (
				C404E3282A25F14000790C6F /* GrayedTextView.swift */,
				C4443E812A2668310054FFF2 /* MainGradient.swift */,
				C4BE595E2A26370F00D3C489 /* CoolTextView.swift */,
				C404E3382A25F7DF00790C6F /* TimeOfDayIcon.swift */,
				C43AC0E02A3EFD82001070CD /* CancelSaveAlarm.swift */,
				C43AC0E82A3F0B43001070CD /* SelectActivityView.swift */,
				C47462FD2A45C47F00DE9125 /* SelectActivityViewExpended.swift */,
				C43AC0EC2A3F6B44001070CD /* AlarmRowView.swift */,
				C43AC0E22A3EFFBA001070CD /* AlarmToggleView.swift */,
				C43AC0E42A3F002A001070CD /* TheToggleView.swift */,
				C43AC0E62A3F0892001070CD /* TimePicker.swift */,
				C43AC0F22A3F6F0D001070CD /* CircularTimeView */,
				C4BE595A2A2624FA00D3C489 /* FourCoolCircles.swift */,
				C4443E832A2671770054FFF2 /* ButtonView.swift */,
			);
			path = SupportingViews;
			sourceTree = "<group>";
		};
		C404E3272A25F11300790C6F /* UnusedViews */ = {
			isa = PBXGroup;
			children = (
			);
			path = UnusedViews;
			sourceTree = "<group>";
		};
		C43AC0F22A3F6F0D001070CD /* CircularTimeView */ = {
			isa = PBXGroup;
			children = (
				C43AC0F02A3F6E3B001070CD /* CircularTimeView.swift */,
				C43AC0F32A3F7209001070CD /* CentralDatePickerView.swift */,
				C43AC0F52A3F78EB001070CD /* TimeArcView.swift */,
				C43AC0F72A3F7CFC001070CD /* DisplayIconOnCircularTimeView.swift */,
			);
			path = CircularTimeView;
			sourceTree = "<group>";
		};
/* End PBXGroup section */

/* Begin PBXNativeTarget section */
		C404E3092A25EB7800790C6F /* Alarm */ = {
			isa = PBXNativeTarget;
			buildConfigurationList = C404E3192A25EB7A00790C6F /* Build configuration list for PBXNativeTarget "Alarm" */;
			buildPhases = (
				C404E3062A25EB7800790C6F /* Sources */,
				C404E3072A25EB7800790C6F /* Frameworks */,
				C404E3082A25EB7800790C6F /* Resources */,
			);
			buildRules = (
			);
			dependencies = (
			);
			name = Alarm;
			productName = Alarm;
			productReference = C404E30A2A25EB7800790C6F /* Alarm.app */;
			productType = "com.apple.product-type.application";
		};
/* End PBXNativeTarget section */

/* Begin PBXProject section */
		C404E3022A25EB7800790C6F /* Project object */ = {
			isa = PBXProject;
			attributes = {
				BuildIndependentTargetsInParallel = 1;
				LastSwiftUpdateCheck = 1430;
				LastUpgradeCheck = 1430;
				TargetAttributes = {
					C404E3092A25EB7800790C6F = {
						CreatedOnToolsVersion = 14.3;
					};
				};
			};
			buildConfigurationList = C404E3052A25EB7800790C6F /* Build configuration list for PBXProject "Alarm" */;
			compatibilityVersion = "Xcode 14.0";
			developmentRegion = en;
			hasScannedForEncodings = 0;
			knownRegions = (
				en,
				Base,
				pl,
			);
			mainGroup = C404E3012A25EB7800790C6F;
			productRefGroup = C404E30B2A25EB7800790C6F /* Products */;
			projectDirPath = "";
			projectRoot = "";
			targets = (
				C404E3092A25EB7800790C6F /* Alarm */,
			);
		};
/* End PBXProject section */

/* Begin PBXResourcesBuildPhase section */
		C404E3082A25EB7800790C6F /* Resources */ = {
			isa = PBXResourcesBuildPhase;
			buildActionMask = 2147483647;
			files = (
				C4BE594B2A261FA300D3C489 /* Sound Wake up.aiff in Resources */,
				C4BE59452A261FA300D3C489 /* peanuts_ringtone.mp3 in Resources */,
				C4BE59552A261FA300D3C489 /* wasted_on_u.mp3 in Resources */,
				C4BE59492A261FA300D3C489 /* forest birds sweden.mp3 in Resources */,
				C4BE59442A261FA300D3C489 /* tennessee_whiskey.mp3 in Resources */,
				C404E3162A25EB7A00790C6F /* Preview Assets.xcassets in Resources */,
				C4BE59502A261FA300D3C489 /* the beat of nature.mp3 in Resources */,
				C4BE594F2A261FA300D3C489 /* waterfall.mp3 in Resources */,
				C4BE594D2A261FA300D3C489 /* screeching owl.mp3 in Resources */,
				C4BE59532A261FA300D3C489 /* mr_grinch_ravens.mp3 in Resources */,
				C4BE59482A261FA300D3C489 /* bird voices.mp3 in Resources */,
				C4BE59572A261FA300D3C489 /* night ambience.mp3 in Resources */,
				C4BE59522A261FA300D3C489 /* welcome_to_my_house.mp3 in Resources */,
				C4BE59432A261FA300D3C489 /* soft rain ambient.mp3 in Resources */,
				C4BE59542A261FA300D3C489 /* christmas_bells.mp3 in Resources */,
				C4BE59512A261FA300D3C489 /* turkey_time.mp3 in Resources */,
				C4BE59422A261FA300D3C489 /* forest with cuckoo birds.mp3 in Resources */,
				C404E32C2A25F65C00790C6F /* Localizable.strings in Resources */,
				C4BE594E2A261FA300D3C489 /* my_baby.mp3 in Resources */,
				C404E3122A25EB7A00790C6F /* Assets.xcassets in Resources */,
				C4BE59562A261FA300D3C489 /* Lagrima.aiff in Resources */,
				C4BE59462A261FA300D3C489 /* owl hooting.mp3 in Resources */,
				C4BE59472A261FA300D3C489 /* bird forest.mp3 in Resources */,
			);
			runOnlyForDeploymentPostprocessing = 0;
		};
/* End PBXResourcesBuildPhase section */

/* Begin PBXSourcesBuildPhase section */
		C404E3062A25EB7800790C6F /* Sources */ = {
			isa = PBXSourcesBuildPhase;
			buildActionMask = 2147483647;
			files = (
				C47462FE2A45C47F00DE9125 /* SelectActivityViewExpended.swift in Sources */,
				C43AC0F82A3F7CFC001070CD /* DisplayIconOnCircularTimeView.swift in Sources */,
				C43AC0EB2A3F231F001070CD /* ListOfTheAlarmsView.swift in Sources */,
				C4443E802A2666E70054FFF2 /* EnableNotifications.swift in Sources */,
				C4BE594C2A261FA300D3C489 /* Play Sound.swift in Sources */,
				C404E3362A25F74100790C6F /* Image Constants.swift in Sources */,
				C43AC0DD2A3C9C77001070CD /* YouDidItView.swift in Sources */,
				C404E3392A25F7DF00790C6F /* TimeOfDayIcon.swift in Sources */,
				C43AC0FA2A3F9AAC001070CD /* MainAddEditAlarmView.swift in Sources */,
				C4443E862A2672D20054FFF2 /* AboutView.swift in Sources */,
				C43AC0ED2A3F6B44001070CD /* AlarmRowView.swift in Sources */,
				C43AC0E72A3F0892001070CD /* TimePicker.swift in Sources */,
				C43AC0E52A3F002A001070CD /* TheToggleView.swift in Sources */,
				C43AC0EF2A3F6D3B001070CD /* AddEditCircularAlarmView.swift in Sources */,
				C4BE594A2A261FA300D3C489 /* Sound Constants.swift in Sources */,
				C404E33B2A25F83300790C6F /* TimeAndDateSupport.swift in Sources */,
				C43AC0E32A3EFFBA001070CD /* AlarmToggleView.swift in Sources */,
				C43AC0E92A3F0B43001070CD /* SelectActivityView.swift in Sources */,
				C4443E882A270EDD0054FFF2 /* AddEditAlarmView.swift in Sources */,
				C43AC0F12A3F6E3B001070CD /* CircularTimeView.swift in Sources */,
				C404E3352A25F74100790C6F /* Color Constants.swift in Sources */,
				C43AC0F42A3F7209001070CD /* CentralDatePickerView.swift in Sources */,
				C43AC0E12A3EFD82001070CD /* CancelSaveAlarm.swift in Sources */,
				C4BE59292A26174700D3C489 /* TimeModel.swift in Sources */,
				C4BE59592A2623C000D3C489 /* SplashScreenView.swift in Sources */,
				C404E3102A25EB7800790C6F /* MainAlarmView.swift in Sources */,
				C404E30E2A25EB7800790C6F /* AlarmApp.swift in Sources */,
				C4BE595F2A26370F00D3C489 /* CoolTextView.swift in Sources */,
				C4443E822A2668310054FFF2 /* MainGradient.swift in Sources */,
				C43AC0DF2A3DCFCA001070CD /* ToBedWakeUpView.swift in Sources */,
				C4BE595B2A2624FA00D3C489 /* FourCoolCircles.swift in Sources */,
				C43AC0F62A3F78EB001070CD /* TimeArcView.swift in Sources */,
				C404E3372A25F74100790C6F /* Activity Constants.swift in Sources */,
				C404E3342A25F74100790C6F /* Screen Constants.swift in Sources */,
				C4443E842A2671770054FFF2 /* ButtonView.swift in Sources */,
				C404E3292A25F14000790C6F /* GrayedTextView.swift in Sources */,
				C4BE592B2A261BFF00D3C489 /* AlarmModel.swift in Sources */,
			);
			runOnlyForDeploymentPostprocessing = 0;
		};
/* End PBXSourcesBuildPhase section */

/* Begin PBXVariantGroup section */
		C404E32E2A25F65C00790C6F /* Localizable.strings */ = {
			isa = PBXVariantGroup;
			children = (
				C404E32D2A25F65C00790C6F /* en */,
				C404E32F2A25F65F00790C6F /* pl */,
			);
			name = Localizable.strings;
			sourceTree = "<group>";
		};
/* End PBXVariantGroup section */

/* Begin XCBuildConfiguration section */
		C404E3172A25EB7A00790C6F /* Debug */ = {
			isa = XCBuildConfiguration;
			buildSettings = {
				ALWAYS_SEARCH_USER_PATHS = NO;
				CLANG_ANALYZER_NONNULL = YES;
				CLANG_ANALYZER_NUMBER_OBJECT_CONVERSION = YES_AGGRESSIVE;
				CLANG_CXX_LANGUAGE_STANDARD = "gnu++20";
				CLANG_ENABLE_MODULES = YES;
				CLANG_ENABLE_OBJC_ARC = YES;
				CLANG_ENABLE_OBJC_WEAK = YES;
				CLANG_WARN_BLOCK_CAPTURE_AUTORELEASING = YES;
				CLANG_WARN_BOOL_CONVERSION = YES;
				CLANG_WARN_COMMA = YES;
				CLANG_WARN_CONSTANT_CONVERSION = YES;
				CLANG_WARN_DEPRECATED_OBJC_IMPLEMENTATIONS = YES;
				CLANG_WARN_DIRECT_OBJC_ISA_USAGE = YES_ERROR;
				CLANG_WARN_DOCUMENTATION_COMMENTS = YES;
				CLANG_WARN_EMPTY_BODY = YES;
				CLANG_WARN_ENUM_CONVERSION = YES;
				CLANG_WARN_INFINITE_RECURSION = YES;
				CLANG_WARN_INT_CONVERSION = YES;
				CLANG_WARN_NON_LITERAL_NULL_CONVERSION = YES;
				CLANG_WARN_OBJC_IMPLICIT_RETAIN_SELF = YES;
				CLANG_WARN_OBJC_LITERAL_CONVERSION = YES;
				CLANG_WARN_OBJC_ROOT_CLASS = YES_ERROR;
				CLANG_WARN_QUOTED_INCLUDE_IN_FRAMEWORK_HEADER = YES;
				CLANG_WARN_RANGE_LOOP_ANALYSIS = YES;
				CLANG_WARN_STRICT_PROTOTYPES = YES;
				CLANG_WARN_SUSPICIOUS_MOVE = YES;
				CLANG_WARN_UNGUARDED_AVAILABILITY = YES_AGGRESSIVE;
				CLANG_WARN_UNREACHABLE_CODE = YES;
				CLANG_WARN__DUPLICATE_METHOD_MATCH = YES;
				COPY_PHASE_STRIP = NO;
				DEBUG_INFORMATION_FORMAT = dwarf;
				ENABLE_STRICT_OBJC_MSGSEND = YES;
				ENABLE_TESTABILITY = YES;
				GCC_C_LANGUAGE_STANDARD = gnu11;
				GCC_DYNAMIC_NO_PIC = NO;
				GCC_NO_COMMON_BLOCKS = YES;
				GCC_OPTIMIZATION_LEVEL = 0;
				GCC_PREPROCESSOR_DEFINITIONS = (
					"DEBUG=1",
					"$(inherited)",
				);
				GCC_WARN_64_TO_32_BIT_CONVERSION = YES;
				GCC_WARN_ABOUT_RETURN_TYPE = YES_ERROR;
				GCC_WARN_UNDECLARED_SELECTOR = YES;
				GCC_WARN_UNINITIALIZED_AUTOS = YES_AGGRESSIVE;
				GCC_WARN_UNUSED_FUNCTION = YES;
				GCC_WARN_UNUSED_VARIABLE = YES;
				MTL_ENABLE_DEBUG_INFO = INCLUDE_SOURCE;
				MTL_FAST_MATH = YES;
				ONLY_ACTIVE_ARCH = YES;
				SWIFT_ACTIVE_COMPILATION_CONDITIONS = DEBUG;
				SWIFT_OPTIMIZATION_LEVEL = "-Onone";
			};
			name = Debug;
		};
		C404E3182A25EB7A00790C6F /* Release */ = {
			isa = XCBuildConfiguration;
			buildSettings = {
				ALWAYS_SEARCH_USER_PATHS = NO;
				CLANG_ANALYZER_NONNULL = YES;
				CLANG_ANALYZER_NUMBER_OBJECT_CONVERSION = YES_AGGRESSIVE;
				CLANG_CXX_LANGUAGE_STANDARD = "gnu++20";
				CLANG_ENABLE_MODULES = YES;
				CLANG_ENABLE_OBJC_ARC = YES;
				CLANG_ENABLE_OBJC_WEAK = YES;
				CLANG_WARN_BLOCK_CAPTURE_AUTORELEASING = YES;
				CLANG_WARN_BOOL_CONVERSION = YES;
				CLANG_WARN_COMMA = YES;
				CLANG_WARN_CONSTANT_CONVERSION = YES;
				CLANG_WARN_DEPRECATED_OBJC_IMPLEMENTATIONS = YES;
				CLANG_WARN_DIRECT_OBJC_ISA_USAGE = YES_ERROR;
				CLANG_WARN_DOCUMENTATION_COMMENTS = YES;
				CLANG_WARN_EMPTY_BODY = YES;
				CLANG_WARN_ENUM_CONVERSION = YES;
				CLANG_WARN_INFINITE_RECURSION = YES;
				CLANG_WARN_INT_CONVERSION = YES;
				CLANG_WARN_NON_LITERAL_NULL_CONVERSION = YES;
				CLANG_WARN_OBJC_IMPLICIT_RETAIN_SELF = YES;
				CLANG_WARN_OBJC_LITERAL_CONVERSION = YES;
				CLANG_WARN_OBJC_ROOT_CLASS = YES_ERROR;
				CLANG_WARN_QUOTED_INCLUDE_IN_FRAMEWORK_HEADER = YES;
				CLANG_WARN_RANGE_LOOP_ANALYSIS = YES;
				CLANG_WARN_STRICT_PROTOTYPES = YES;
				CLANG_WARN_SUSPICIOUS_MOVE = YES;
				CLANG_WARN_UNGUARDED_AVAILABILITY = YES_AGGRESSIVE;
				CLANG_WARN_UNREACHABLE_CODE = YES;
				CLANG_WARN__DUPLICATE_METHOD_MATCH = YES;
				COPY_PHASE_STRIP = NO;
				DEBUG_INFORMATION_FORMAT = "dwarf-with-dsym";
				ENABLE_NS_ASSERTIONS = NO;
				ENABLE_STRICT_OBJC_MSGSEND = YES;
				GCC_C_LANGUAGE_STANDARD = gnu11;
				GCC_NO_COMMON_BLOCKS = YES;
				GCC_WARN_64_TO_32_BIT_CONVERSION = YES;
				GCC_WARN_ABOUT_RETURN_TYPE = YES_ERROR;
				GCC_WARN_UNDECLARED_SELECTOR = YES;
				GCC_WARN_UNINITIALIZED_AUTOS = YES_AGGRESSIVE;
				GCC_WARN_UNUSED_FUNCTION = YES;
				GCC_WARN_UNUSED_VARIABLE = YES;
				MTL_ENABLE_DEBUG_INFO = NO;
				MTL_FAST_MATH = YES;
				SWIFT_COMPILATION_MODE = wholemodule;
				SWIFT_OPTIMIZATION_LEVEL = "-O";
			};
			name = Release;
		};
		C404E31A2A25EB7A00790C6F /* Debug */ = {
			isa = XCBuildConfiguration;
			buildSettings = {
				ASSETCATALOG_COMPILER_APPICON_NAME = AppIcon;
				ASSETCATALOG_COMPILER_GLOBAL_ACCENT_COLOR_NAME = AccentColor;
				CODE_SIGN_ENTITLEMENTS = Alarm/Alarm.entitlements;
				CODE_SIGN_STYLE = Automatic;
				CURRENT_PROJECT_VERSION = 1;
				DEVELOPMENT_ASSET_PATHS = "\"Alarm/Preview Content\"";
				DEVELOPMENT_TEAM = S78KWNLL6Y;
				ENABLE_HARDENED_RUNTIME = YES;
				ENABLE_PREVIEWS = YES;
				GENERATE_INFOPLIST_FILE = YES;
				"INFOPLIST_KEY_UIApplicationSceneManifest_Generation[sdk=iphoneos*]" = YES;
				"INFOPLIST_KEY_UIApplicationSceneManifest_Generation[sdk=iphonesimulator*]" = YES;
				"INFOPLIST_KEY_UIApplicationSupportsIndirectInputEvents[sdk=iphoneos*]" = YES;
				"INFOPLIST_KEY_UIApplicationSupportsIndirectInputEvents[sdk=iphonesimulator*]" = YES;
				"INFOPLIST_KEY_UILaunchScreen_Generation[sdk=iphoneos*]" = YES;
				"INFOPLIST_KEY_UILaunchScreen_Generation[sdk=iphonesimulator*]" = YES;
				"INFOPLIST_KEY_UIStatusBarStyle[sdk=iphoneos*]" = UIStatusBarStyleDefault;
				"INFOPLIST_KEY_UIStatusBarStyle[sdk=iphonesimulator*]" = UIStatusBarStyleDefault;
				INFOPLIST_KEY_UISupportedInterfaceOrientations_iPad = "UIInterfaceOrientationPortrait UIInterfaceOrientationPortraitUpsideDown UIInterfaceOrientationLandscapeLeft UIInterfaceOrientationLandscapeRight";
				INFOPLIST_KEY_UISupportedInterfaceOrientations_iPhone = "UIInterfaceOrientationPortrait UIInterfaceOrientationLandscapeLeft UIInterfaceOrientationLandscapeRight";
				IPHONEOS_DEPLOYMENT_TARGET = 16.4;
				LD_RUNPATH_SEARCH_PATHS = "@executable_path/Frameworks";
				"LD_RUNPATH_SEARCH_PATHS[sdk=macosx*]" = "@executable_path/../Frameworks";
				MACOSX_DEPLOYMENT_TARGET = 13.2;
				MARKETING_VERSION = 1.0;
				PRODUCT_BUNDLE_IDENTIFIER = lm.Alarm;
				PRODUCT_NAME = "$(TARGET_NAME)";
				SDKROOT = auto;
				SUPPORTED_PLATFORMS = "iphoneos iphonesimulator macosx";
				SWIFT_EMIT_LOC_STRINGS = YES;
				SWIFT_VERSION = 5.0;
				TARGETED_DEVICE_FAMILY = "1,2";
			};
			name = Debug;
		};
		C404E31B2A25EB7A00790C6F /* Release */ = {
			isa = XCBuildConfiguration;
			buildSettings = {
				ASSETCATALOG_COMPILER_APPICON_NAME = AppIcon;
				ASSETCATALOG_COMPILER_GLOBAL_ACCENT_COLOR_NAME = AccentColor;
				CODE_SIGN_ENTITLEMENTS = Alarm/Alarm.entitlements;
				CODE_SIGN_STYLE = Automatic;
				CURRENT_PROJECT_VERSION = 1;
				DEVELOPMENT_ASSET_PATHS = "\"Alarm/Preview Content\"";
				DEVELOPMENT_TEAM = S78KWNLL6Y;
				ENABLE_HARDENED_RUNTIME = YES;
				ENABLE_PREVIEWS = YES;
				GENERATE_INFOPLIST_FILE = YES;
				"INFOPLIST_KEY_UIApplicationSceneManifest_Generation[sdk=iphoneos*]" = YES;
				"INFOPLIST_KEY_UIApplicationSceneManifest_Generation[sdk=iphonesimulator*]" = YES;
				"INFOPLIST_KEY_UIApplicationSupportsIndirectInputEvents[sdk=iphoneos*]" = YES;
				"INFOPLIST_KEY_UIApplicationSupportsIndirectInputEvents[sdk=iphonesimulator*]" = YES;
				"INFOPLIST_KEY_UILaunchScreen_Generation[sdk=iphoneos*]" = YES;
				"INFOPLIST_KEY_UILaunchScreen_Generation[sdk=iphonesimulator*]" = YES;
				"INFOPLIST_KEY_UIStatusBarStyle[sdk=iphoneos*]" = UIStatusBarStyleDefault;
				"INFOPLIST_KEY_UIStatusBarStyle[sdk=iphonesimulator*]" = UIStatusBarStyleDefault;
				INFOPLIST_KEY_UISupportedInterfaceOrientations_iPad = "UIInterfaceOrientationPortrait UIInterfaceOrientationPortraitUpsideDown UIInterfaceOrientationLandscapeLeft UIInterfaceOrientationLandscapeRight";
				INFOPLIST_KEY_UISupportedInterfaceOrientations_iPhone = "UIInterfaceOrientationPortrait UIInterfaceOrientationLandscapeLeft UIInterfaceOrientationLandscapeRight";
				IPHONEOS_DEPLOYMENT_TARGET = 16.4;
				LD_RUNPATH_SEARCH_PATHS = "@executable_path/Frameworks";
				"LD_RUNPATH_SEARCH_PATHS[sdk=macosx*]" = "@executable_path/../Frameworks";
				MACOSX_DEPLOYMENT_TARGET = 13.2;
				MARKETING_VERSION = 1.0;
				PRODUCT_BUNDLE_IDENTIFIER = lm.Alarm;
				PRODUCT_NAME = "$(TARGET_NAME)";
				SDKROOT = auto;
				SUPPORTED_PLATFORMS = "iphoneos iphonesimulator macosx";
				SWIFT_EMIT_LOC_STRINGS = YES;
				SWIFT_VERSION = 5.0;
				TARGETED_DEVICE_FAMILY = "1,2";
			};
			name = Release;
		};
/* End XCBuildConfiguration section */

/* Begin XCConfigurationList section */
		C404E3052A25EB7800790C6F /* Build configuration list for PBXProject "Alarm" */ = {
			isa = XCConfigurationList;
			buildConfigurations = (
				C404E3172A25EB7A00790C6F /* Debug */,
				C404E3182A25EB7A00790C6F /* Release */,
			);
			defaultConfigurationIsVisible = 0;
			defaultConfigurationName = Release;
		};
		C404E3192A25EB7A00790C6F /* Build configuration list for PBXNativeTarget "Alarm" */ = {
			isa = XCConfigurationList;
			buildConfigurations = (
				C404E31A2A25EB7A00790C6F /* Debug */,
				C404E31B2A25EB7A00790C6F /* Release */,
			);
			defaultConfigurationIsVisible = 0;
			defaultConfigurationName = Release;
		};
/* End XCConfigurationList section */
	};
	rootObject = C404E3022A25EB7800790C6F /* Project object */;
}
